
Microsoft Visual Studio Solution File, Format Version 12.00
Project("{FAE04EC0-301F-11D3-BF4B-00C04F79EFBC}") = "BTree", "BTree\BTree.csproj", "{52760AF0-4D37-44B4-A181-EB8ED610E305}"
EndProject
Project("{FAE04EC0-301F-11D3-BF4B-00C04F79EFBC}") = "BTree.Test", "BTree.Test\BTree.Test.csproj", "{2DE5E652-048B-4993-ADB8-1310308ED1D0}"
EndProject
Global
	GlobalSection(SolutionConfigurationPlatforms) = preSolution
		Debug|Any CPU = Debug|Any CPU
		Release|Any CPU = Release|Any CPU
	EndGlobalSection
	GlobalSection(ProjectConfigurationPlatforms) = postSolution
		{52760AF0-4D37-44B4-A181-EB8ED610E305}.Debug|Any CPU.ActiveCfg = Debug|Any CPU
		{52760AF0-4D37-44B4-A181-EB8ED610E305}.Debug|Any CPU.Build.0 = Debug|Any CPU
		{52760AF0-4D37-44B4-A181-EB8ED610E305}.Release|Any CPU.ActiveCfg = Release|Any CPU
		{52760AF0-4D37-44B4-A181-EB8ED610E305}.Release|Any CPU.Build.0 = Release|Any CPU
		{2DE5E652-048B-4993-ADB8-1310308ED1D0}.Debug|Any CPU.ActiveCfg = Debug|Any CPU
		{2DE5E652-048B-4993-ADB8-1310308ED1D0}.Debug|Any CPU.Build.0 = Debug|Any CPU
		{2DE5E652-048B-4993-ADB8-1310308ED1D0}.Release|Any CPU.ActiveCfg = Release|Any CPU
		{2DE5E652-048B-4993-ADB8-1310308ED1D0}.Release|Any CPU.Build.0 = Release|Any CPU
	EndGlobalSection
EndGlobal
